{
  "version": 4,
  "terraform_version": "0.14.3",
  "serial": 22,
  "lineage": "f79dbb9e-27ef-bde8-eb59-0007e6df115a",
  "outputs": {
    "milk_private_subnet1": {
      "value": {
        "arn": "arn:aws:ec2:us-east-1:936777008077:subnet/subnet-07dfd2f27f167a40c",
        "assign_ipv6_address_on_creation": false,
        "availability_zone": "us-east-1a",
        "availability_zone_id": "use1-az6",
        "cidr_block": "10.10.1.0/24",
        "customer_owned_ipv4_pool": "",
        "default_for_az": false,
        "filter": null,
        "id": "subnet-07dfd2f27f167a40c",
        "ipv6_cidr_block": null,
        "ipv6_cidr_block_association_id": null,
        "map_customer_owned_ip_on_launch": false,
        "map_public_ip_on_launch": true,
        "outpost_arn": "",
        "owner_id": "936777008077",
        "state": "available",
        "tags": {
          "Name": "milk-public-az-1",
          "kubernetes.io/cluster/lunar-eks-cluster": "shared",
          "kubernetes.io/role/elb": "1"
        },
        "vpc_id": "vpc-04c5c8034d32b525a"
      },
      "type": [
        "object",
        {
          "arn": "string",
          "assign_ipv6_address_on_creation": "bool",
          "availability_zone": "string",
          "availability_zone_id": "string",
          "cidr_block": "string",
          "customer_owned_ipv4_pool": "string",
          "default_for_az": "bool",
          "filter": [
            "set",
            [
              "object",
              {
                "name": "string",
                "values": [
                  "set",
                  "string"
                ]
              }
            ]
          ],
          "id": "string",
          "ipv6_cidr_block": "string",
          "ipv6_cidr_block_association_id": "string",
          "map_customer_owned_ip_on_launch": "bool",
          "map_public_ip_on_launch": "bool",
          "outpost_arn": "string",
          "owner_id": "string",
          "state": "string",
          "tags": [
            "map",
            "string"
          ],
          "vpc_id": "string"
        }
      ]
    },
    "milk_private_subnet2": {
      "value": {
        "arn": "arn:aws:ec2:us-east-1:936777008077:subnet/subnet-0e0aceff2165ba565",
        "assign_ipv6_address_on_creation": false,
        "availability_zone": "us-east-1b",
        "availability_zone_id": "use1-az1",
        "cidr_block": "10.10.2.0/24",
        "customer_owned_ipv4_pool": "",
        "default_for_az": false,
        "filter": null,
        "id": "subnet-0e0aceff2165ba565",
        "ipv6_cidr_block": null,
        "ipv6_cidr_block_association_id": null,
        "map_customer_owned_ip_on_launch": false,
        "map_public_ip_on_launch": true,
        "outpost_arn": "",
        "owner_id": "936777008077",
        "state": "available",
        "tags": {
          "Name": "milk-public-az-2",
          "kubernetes.io/cluster/lunar-eks-cluster": "shared",
          "kubernetes.io/role/elb": "1"
        },
        "vpc_id": "vpc-04c5c8034d32b525a"
      },
      "type": [
        "object",
        {
          "arn": "string",
          "assign_ipv6_address_on_creation": "bool",
          "availability_zone": "string",
          "availability_zone_id": "string",
          "cidr_block": "string",
          "customer_owned_ipv4_pool": "string",
          "default_for_az": "bool",
          "filter": [
            "set",
            [
              "object",
              {
                "name": "string",
                "values": [
                  "set",
                  "string"
                ]
              }
            ]
          ],
          "id": "string",
          "ipv6_cidr_block": "string",
          "ipv6_cidr_block_association_id": "string",
          "map_customer_owned_ip_on_launch": "bool",
          "map_public_ip_on_launch": "bool",
          "outpost_arn": "string",
          "owner_id": "string",
          "state": "string",
          "tags": [
            "map",
            "string"
          ],
          "vpc_id": "string"
        }
      ]
    },
    "vpc_info": {
      "value": {
        "arn": "arn:aws:ec2:us-east-1:936777008077:vpc/vpc-04c5c8034d32b525a",
        "cidr_block": "10.10.0.0/16",
        "cidr_block_associations": [
          {
            "association_id": "vpc-cidr-assoc-03e6acc8c45ec57b3",
            "cidr_block": "10.10.0.0/16",
            "state": "associated"
          }
        ],
        "default": false,
        "dhcp_options_id": "dopt-1d9b5667",
        "enable_dns_hostnames": true,
        "enable_dns_support": true,
        "filter": null,
        "id": "vpc-04c5c8034d32b525a",
        "instance_tenancy": "default",
        "ipv6_association_id": null,
        "ipv6_cidr_block": null,
        "main_route_table_id": "rtb-02463409932863138",
        "owner_id": "936777008077",
        "state": "available",
        "tags": {
          "Name": "eks-terraform-vpc"
        }
      },
      "type": [
        "object",
        {
          "arn": "string",
          "cidr_block": "string",
          "cidr_block_associations": [
            "list",
            [
              "object",
              {
                "association_id": "string",
                "cidr_block": "string",
                "state": "string"
              }
            ]
          ],
          "default": "bool",
          "dhcp_options_id": "string",
          "enable_dns_hostnames": "bool",
          "enable_dns_support": "bool",
          "filter": [
            "set",
            [
              "object",
              {
                "name": "string",
                "values": [
                  "set",
                  "string"
                ]
              }
            ]
          ],
          "id": "string",
          "instance_tenancy": "string",
          "ipv6_association_id": "string",
          "ipv6_cidr_block": "string",
          "main_route_table_id": "string",
          "owner_id": "string",
          "state": "string",
          "tags": [
            "map",
            "string"
          ]
        }
      ]
    }
  },
  "resources": [
    {
      "mode": "data",
      "type": "aws_eks_cluster",
      "name": "cluster",
      "provider": "provider[\"registry.terraform.io/hashicorp/aws\"]",
      "instances": [
        {
          "schema_version": 0,
          "attributes": {
            "arn": "arn:aws:eks:us-east-1:936777008077:cluster/seoul-eks-cluster2",
            "certificate_authority": [
              {
                "data": "LS0tLS1CRUdJTiBDRVJUSUZJQ0FURS0tLS0tCk1JSUM1ekNDQWMrZ0F3SUJBZ0lCQURBTkJna3Foa2lHOXcwQkFRc0ZBREFWTVJNd0VRWURWUVFERXdwcmRXSmwKY201bGRHVnpNQjRYRFRJeE1EUXlPVEEyTlRNME5sb1hEVE14TURReU56QTJOVE0wTmxvd0ZURVRNQkVHQTFVRQpBeE1LYTNWaVpYSnVaWFJsY3pDQ0FTSXdEUVlKS29aSWh2Y05BUUVCQlFBRGdnRVBBRENDQVFvQ2dnRUJBTjlrCmtld1hjbitLekwrS05MdGQ3RFlzVDh5K3lSRTdqQzg2VFZhL3FXcCtqUW5vWHZ5a2k0OEx5UFRkRktscnFSSWcKSC9YOE0zR2c4MzVLTWpaQk1zd2dtRGNFaEx4NzJPbFVIeU9wQWtPdGMxT1BVZzFUS1VZTVcrQVcxd3RjeXo4OQpqTmlOL3QrOGxNNFpqdGdVbWNMcUJWMUxZcWltdmhzUDRsL2dEd3RtaUNHOVp3VXYyamtqOWV4dHlabld4cysyCjBRdUF0UW5idGdsTFozQlprZXRTODd6K25rOWFDNUVyaVVMUkN0OHQwRXBMWXFrZGxOMy9YVDdMRlBRWFpoTUQKOU1henRWdjZSenk3eE11MHNKNW5pUUhkeXpXNnNTYzhTTStTQkt0d0NrcXhvSDVCY3ljWCtyOFZKY0Q5QW1kTQp4WWlTNzYzMGZ0eXg5UjFucDlrQ0F3RUFBYU5DTUVBd0RnWURWUjBQQVFIL0JBUURBZ0trTUE4R0ExVWRFd0VCCi93UUZNQU1CQWY4d0hRWURWUjBPQkJZRUZDb0F1YXRTR0Y5SHdBOXNEbUxTVFZOdGpMNDdNQTBHQ1NxR1NJYjMKRFFFQkN3VUFBNElCQVFBakdhbjVWVjZtZUtsYlVhQ2taN255Rko4dXc2a2d3NjJZeExIOUsxdklOcTVFeVRrNgphdGt6cFZoSHcyKzJLQ0I5ak1WbVY0TjdFeFE1V09kbHVJamdSaTNZeUNkVFdqWUxiT3ZKSFRVZDBsQVZQdlFHCmxzSVREUWUxMEQ5K3kyZnBxaWdaR0lVekFVU2sxVE9HckxvOEw3bXd5OW9PcXU3dUNiTEEwN0drU2p5dnhkSDEKQUFqUngydmxpNTlEWmdrbkZPWHVlQmt5eENCSDd0bkRQSHlDbTRhNERjYjAzSCtsNXl4YVhQMiszazJ2M1BEagpaVWtoeW5YL1RQdjRqTmM0TC9YaEpzK1hGbTNTalp1UElPN2JjYTMwYWtVeldQc0JibnRXOGtoMXJoZHpjWXVLCklQNnZMcDIzbDJyaENIRWxTRm9KVkkzRndHVUt3MFEvTEJRaAotLS0tLUVORCBDRVJUSUZJQ0FURS0tLS0tCg=="
              }
            ],
            "created_at": "2021-04-29 06:47:57.973 +0000 UTC",
            "enabled_cluster_log_types": [
              "api",
              "audit",
              "authenticator",
              "controllerManager",
              "scheduler"
            ],
            "endpoint": "https://AE4CFF64A100B667670C05F4EC758160.gr7.us-east-1.eks.amazonaws.com",
            "id": "seoul-eks-cluster2",
            "identity": [
              {
                "oidc": [
                  {
                    "issuer": "https://oidc.eks.us-east-1.amazonaws.com/id/AE4CFF64A100B667670C05F4EC758160"
                  }
                ]
              }
            ],
            "kubernetes_network_config": [
              {
                "service_ipv4_cidr": "172.20.0.0/16"
              }
            ],
            "name": "seoul-eks-cluster2",
            "platform_version": "eks.4",
            "role_arn": "arn:aws:iam::936777008077:role/jjouhiu-eks-cluster-2021-2",
            "status": "ACTIVE",
            "tags": {},
            "version": "1.19",
            "vpc_config": [
              {
                "cluster_security_group_id": "sg-041070d4805d1755d",
                "endpoint_private_access": false,
                "endpoint_public_access": true,
                "public_access_cidrs": [
                  "0.0.0.0/0"
                ],
                "security_group_ids": [
                  "sg-0cc8bf6b2b77999f1"
                ],
                "subnet_ids": [
                  "subnet-07dfd2f27f167a40c",
                  "subnet-0e0aceff2165ba565"
                ],
                "vpc_id": "vpc-04c5c8034d32b525a"
              }
            ]
          },
          "sensitive_attributes": []
        }
      ]
    },
    {
      "mode": "data",
      "type": "aws_eks_cluster_auth",
      "name": "cluster",
      "provider": "provider[\"registry.terraform.io/hashicorp/aws\"]",
      "instances": [
        {
          "schema_version": 0,
          "attributes": {
            "id": "seoul-eks-cluster2",
            "name": "seoul-eks-cluster2",
            "token": "k8s-aws-v1.aHR0cHM6Ly9zdHMuYW1hem9uYXdzLmNvbS8_QWN0aW9uPUdldENhbGxlcklkZW50aXR5JlZlcnNpb249MjAxMS0wNi0xNSZYLUFtei1BbGdvcml0aG09QVdTNC1ITUFDLVNIQTI1NiZYLUFtei1DcmVkZW50aWFsPUFLSUE1VUhDQ1lQR1RGTEU0TUhYJTJGMjAyMTA0MjklMkZ1cy1lYXN0LTElMkZzdHMlMkZhd3M0X3JlcXVlc3QmWC1BbXotRGF0ZT0yMDIxMDQyOVQwNjU3NDhaJlgtQW16LUV4cGlyZXM9MCZYLUFtei1TaWduZWRIZWFkZXJzPWhvc3QlM0J4LWs4cy1hd3MtaWQmWC1BbXotU2lnbmF0dXJlPTdiY2IyMDZiNTRiZWE0YTRkYWVjY2I4N2RlM2JmZDEzZDMzZGY2ZjlhMDEzZWZiY2VjM2JiNDUyOTlhY2Q5NGQ"
          },
          "sensitive_attributes": []
        }
      ]
    },
    {
      "mode": "data",
      "type": "aws_iam_instance_profile",
      "name": "jjouhiu-eks-nodegroup-role",
      "provider": "provider[\"registry.terraform.io/hashicorp/aws\"]",
      "instances": [
        {
          "schema_version": 0,
          "attributes": {
            "arn": "arn:aws:iam::936777008077:instance-profile/jjouhiu-eks-nodegroup-role2",
            "create_date": "2021-04-27 08:00:51 +0000 UTC",
            "id": "AIPA5UHCCYPGTYM4CDL5W",
            "name": "jjouhiu-eks-nodegroup-role2",
            "path": "/",
            "role_arn": "arn:aws:iam::936777008077:role/jjouhiu-eks-nodegroup-role2",
            "role_id": "AROA5UHCCYPGT7Y5IGM6O",
            "role_name": "jjouhiu-eks-nodegroup-role2"
          },
          "sensitive_attributes": []
        }
      ]
    },
    {
      "mode": "data",
      "type": "aws_iam_role",
      "name": "jjouhiu-eks-cluster-2021",
      "provider": "provider[\"registry.terraform.io/hashicorp/aws\"]",
      "instances": [
        {
          "schema_version": 0,
          "attributes": {
            "arn": "arn:aws:iam::936777008077:role/jjouhiu-eks-cluster-2021-2",
            "assume_role_policy": "{\"Version\":\"2012-10-17\",\"Statement\":[{\"Effect\":\"Allow\",\"Principal\":{\"Service\":\"eks.amazonaws.com\"},\"Action\":\"sts:AssumeRole\"}]}",
            "create_date": "2021-04-27T07:59:23Z",
            "description": "Allows access to other AWS service resources that are required to operate clusters managed by EKS.",
            "id": "jjouhiu-eks-cluster-2021-2",
            "max_session_duration": 3600,
            "name": "jjouhiu-eks-cluster-2021-2",
            "path": "/",
            "permissions_boundary": "",
            "tags": {
              "Name": "jjouhiu-eks-cluster-202-2"
            },
            "unique_id": "AROA5UHCCYPGXDJH5OJNR"
          },
          "sensitive_attributes": []
        }
      ]
    },
    {
      "mode": "data",
      "type": "aws_iam_user",
      "name": "kilhan-tam",
      "provider": "provider[\"registry.terraform.io/hashicorp/aws\"]",
      "instances": [
        {
          "schema_version": 0,
          "attributes": {
            "arn": "arn:aws:iam::936777008077:user/kilhan-tam",
            "id": "AIDA5UHCCYPGVBTM6N2DE",
            "path": "/",
            "permissions_boundary": "",
            "tags": {
              "Name": "kilhan-tam",
              "auto-delete": "no"
            },
            "user_id": "AIDA5UHCCYPGVBTM6N2DE",
            "user_name": "kilhan-tam"
          },
          "sensitive_attributes": []
        }
      ]
    },
    {
      "mode": "data",
      "type": "aws_iam_user",
      "name": "kilhan_kim",
      "provider": "provider[\"registry.terraform.io/hashicorp/aws\"]",
      "instances": [
        {
          "schema_version": 0,
          "attributes": {
            "arn": "arn:aws:iam::936777008077:user/kilhan.kim",
            "id": "AIDA5UHCCYPGXPI2NGNFG",
            "path": "/",
            "permissions_boundary": "",
            "tags": {
              "Name": "kilhan.kim"
            },
            "user_id": "AIDA5UHCCYPGXPI2NGNFG",
            "user_name": "kilhan.kim"
          },
          "sensitive_attributes": []
        }
      ]
    },
    {
      "mode": "data",
      "type": "aws_security_group",
      "name": "milk_bastion_security_group",
      "provider": "provider[\"registry.terraform.io/hashicorp/aws\"]",
      "instances": [
        {
          "schema_version": 0,
          "attributes": {
            "arn": "arn:aws:ec2:us-east-1:936777008077:security-group/sg-0aec54974cb6df3e2",
            "description": "Security group for bastion instance",
            "filter": null,
            "id": "sg-0aec54974cb6df3e2",
            "name": "milk_bastion_security_group",
            "tags": {
              "Name": "milk_bastion_security_group"
            },
            "vpc_id": "vpc-04c5c8034d32b525a"
          },
          "sensitive_attributes": []
        }
      ]
    },
    {
      "mode": "data",
      "type": "aws_security_group",
      "name": "milk_default_security_group",
      "provider": "provider[\"registry.terraform.io/hashicorp/aws\"]",
      "instances": [
        {
          "schema_version": 0,
          "attributes": {
            "arn": "arn:aws:ec2:us-east-1:936777008077:security-group/sg-07173eacf097938e5",
            "description": "default VPC security group",
            "filter": null,
            "id": "sg-07173eacf097938e5",
            "name": "default",
            "tags": {
              "Name": "milk-default-securitygroup"
            },
            "vpc_id": "vpc-04c5c8034d32b525a"
          },
          "sensitive_attributes": []
        }
      ]
    },
    {
      "mode": "data",
      "type": "aws_subnet",
      "name": "milk_public_subnet1",
      "provider": "provider[\"registry.terraform.io/hashicorp/aws\"]",
      "instances": [
        {
          "schema_version": 0,
          "attributes": {
            "arn": "arn:aws:ec2:us-east-1:936777008077:subnet/subnet-07dfd2f27f167a40c",
            "assign_ipv6_address_on_creation": false,
            "availability_zone": "us-east-1a",
            "availability_zone_id": "use1-az6",
            "cidr_block": "10.10.1.0/24",
            "customer_owned_ipv4_pool": "",
            "default_for_az": false,
            "filter": null,
            "id": "subnet-07dfd2f27f167a40c",
            "ipv6_cidr_block": null,
            "ipv6_cidr_block_association_id": null,
            "map_customer_owned_ip_on_launch": false,
            "map_public_ip_on_launch": true,
            "outpost_arn": "",
            "owner_id": "936777008077",
            "state": "available",
            "tags": {
              "Name": "milk-public-az-1",
              "kubernetes.io/cluster/lunar-eks-cluster": "shared",
              "kubernetes.io/role/elb": "1"
            },
            "vpc_id": "vpc-04c5c8034d32b525a"
          },
          "sensitive_attributes": []
        }
      ]
    },
    {
      "mode": "data",
      "type": "aws_subnet",
      "name": "milk_public_subnet2",
      "provider": "provider[\"registry.terraform.io/hashicorp/aws\"]",
      "instances": [
        {
          "schema_version": 0,
          "attributes": {
            "arn": "arn:aws:ec2:us-east-1:936777008077:subnet/subnet-0e0aceff2165ba565",
            "assign_ipv6_address_on_creation": false,
            "availability_zone": "us-east-1b",
            "availability_zone_id": "use1-az1",
            "cidr_block": "10.10.2.0/24",
            "customer_owned_ipv4_pool": "",
            "default_for_az": false,
            "filter": null,
            "id": "subnet-0e0aceff2165ba565",
            "ipv6_cidr_block": null,
            "ipv6_cidr_block_association_id": null,
            "map_customer_owned_ip_on_launch": false,
            "map_public_ip_on_launch": true,
            "outpost_arn": "",
            "owner_id": "936777008077",
            "state": "available",
            "tags": {
              "Name": "milk-public-az-2",
              "kubernetes.io/cluster/lunar-eks-cluster": "shared",
              "kubernetes.io/role/elb": "1"
            },
            "vpc_id": "vpc-04c5c8034d32b525a"
          },
          "sensitive_attributes": []
        }
      ]
    },
    {
      "mode": "data",
      "type": "aws_vpc",
      "name": "eks_vpc",
      "provider": "provider[\"registry.terraform.io/hashicorp/aws\"]",
      "instances": [
        {
          "schema_version": 0,
          "attributes": {
            "arn": "arn:aws:ec2:us-east-1:936777008077:vpc/vpc-04c5c8034d32b525a",
            "cidr_block": "10.10.0.0/16",
            "cidr_block_associations": [
              {
                "association_id": "vpc-cidr-assoc-03e6acc8c45ec57b3",
                "cidr_block": "10.10.0.0/16",
                "state": "associated"
              }
            ],
            "default": false,
            "dhcp_options_id": "dopt-1d9b5667",
            "enable_dns_hostnames": true,
            "enable_dns_support": true,
            "filter": null,
            "id": "vpc-04c5c8034d32b525a",
            "instance_tenancy": "default",
            "ipv6_association_id": null,
            "ipv6_cidr_block": null,
            "main_route_table_id": "rtb-02463409932863138",
            "owner_id": "936777008077",
            "state": "available",
            "tags": {
              "Name": "eks-terraform-vpc"
            }
          },
          "sensitive_attributes": []
        }
      ]
    },
    {
      "module": "module.eks",
      "mode": "data",
      "type": "aws_ami",
      "name": "eks_worker",
      "provider": "provider[\"registry.terraform.io/hashicorp/aws\"]",
      "instances": [
        {
          "schema_version": 0,
          "attributes": {
            "architecture": "x86_64",
            "arn": "arn:aws:ec2:us-east-1::image/ami-00650807756050152",
            "block_device_mappings": [
              {
                "device_name": "/dev/xvda",
                "ebs": {
                  "delete_on_termination": "true",
                  "encrypted": "false",
                  "iops": "0",
                  "snapshot_id": "snap-0459061ef94be6f91",
                  "throughput": "0",
                  "volume_size": "20",
                  "volume_type": "gp2"
                },
                "no_device": "",
                "virtual_name": ""
              }
            ],
            "creation_date": "2021-04-15T04:00:15.000Z",
            "description": "EKS Kubernetes Worker AMI with AmazonLinux2 image, (k8s: 1.19.6, docker: 19.03.13ce-1.amzn2, containerd: 1.4.1-2.amzn2)",
            "executable_users": null,
            "filter": [
              {
                "name": "name",
                "values": [
                  "amazon-eks-node-1.19-v*"
                ]
              }
            ],
            "hypervisor": "xen",
            "id": "ami-00650807756050152",
            "image_id": "ami-00650807756050152",
            "image_location": "amazon/amazon-eks-node-1.19-v20210414",
            "image_owner_alias": "amazon",
            "image_type": "machine",
            "kernel_id": null,
            "most_recent": true,
            "name": "amazon-eks-node-1.19-v20210414",
            "name_regex": null,
            "owner_id": "602401143452",
            "owners": [
              "amazon"
            ],
            "platform": null,
            "product_codes": [],
            "public": true,
            "ramdisk_id": null,
            "root_device_name": "/dev/xvda",
            "root_device_type": "ebs",
            "root_snapshot_id": "snap-0459061ef94be6f91",
            "sriov_net_support": "simple",
            "state": "available",
            "state_reason": {
              "code": "UNSET",
              "message": "UNSET"
            },
            "tags": {},
            "virtualization_type": "hvm"
          },
          "sensitive_attributes": []
        }
      ]
    },
    {
      "module": "module.eks",
      "mode": "data",
      "type": "aws_ami",
      "name": "eks_worker_windows",
      "provider": "provider[\"registry.terraform.io/hashicorp/aws\"]",
      "instances": [
        {
          "schema_version": 0,
          "attributes": {
            "architecture": "x86_64",
            "arn": "arn:aws:ec2:us-east-1::image/ami-072a0b1d7c6f09c13",
            "block_device_mappings": [
              {
                "device_name": "/dev/sda1",
                "ebs": {
                  "delete_on_termination": "true",
                  "encrypted": "false",
                  "iops": "0",
                  "snapshot_id": "snap-0da3fa180982c182e",
                  "throughput": "0",
                  "volume_size": "50",
                  "volume_type": "gp2"
                },
                "no_device": "",
                "virtual_name": ""
              },
              {
                "device_name": "xvdca",
                "ebs": {},
                "no_device": "",
                "virtual_name": "ephemeral0"
              },
              {
                "device_name": "xvdcb",
                "ebs": {},
                "no_device": "",
                "virtual_name": "ephemeral1"
              },
              {
                "device_name": "xvdcc",
                "ebs": {},
                "no_device": "",
                "virtual_name": "ephemeral2"
              },
              {
                "device_name": "xvdcd",
                "ebs": {},
                "no_device": "",
                "virtual_name": "ephemeral3"
              },
              {
                "device_name": "xvdce",
                "ebs": {},
                "no_device": "",
                "virtual_name": "ephemeral4"
              },
              {
                "device_name": "xvdcf",
                "ebs": {},
                "no_device": "",
                "virtual_name": "ephemeral5"
              },
              {
                "device_name": "xvdcg",
                "ebs": {},
                "no_device": "",
                "virtual_name": "ephemeral6"
              },
              {
                "device_name": "xvdch",
                "ebs": {},
                "no_device": "",
                "virtual_name": "ephemeral7"
              },
              {
                "device_name": "xvdci",
                "ebs": {},
                "no_device": "",
                "virtual_name": "ephemeral8"
              },
              {
                "device_name": "xvdcj",
                "ebs": {},
                "no_device": "",
                "virtual_name": "ephemeral9"
              },
              {
                "device_name": "xvdck",
                "ebs": {},
                "no_device": "",
                "virtual_name": "ephemeral10"
              },
              {
                "device_name": "xvdcl",
                "ebs": {},
                "no_device": "",
                "virtual_name": "ephemeral11"
              },
              {
                "device_name": "xvdcm",
                "ebs": {},
                "no_device": "",
                "virtual_name": "ephemeral12"
              },
              {
                "device_name": "xvdcn",
                "ebs": {},
                "no_device": "",
                "virtual_name": "ephemeral13"
              },
              {
                "device_name": "xvdco",
                "ebs": {},
                "no_device": "",
                "virtual_name": "ephemeral14"
              },
              {
                "device_name": "xvdcp",
                "ebs": {},
                "no_device": "",
                "virtual_name": "ephemeral15"
              },
              {
                "device_name": "xvdcq",
                "ebs": {},
                "no_device": "",
                "virtual_name": "ephemeral16"
              },
              {
                "device_name": "xvdcr",
                "ebs": {},
                "no_device": "",
                "virtual_name": "ephemeral17"
              },
              {
                "device_name": "xvdcs",
                "ebs": {},
                "no_device": "",
                "virtual_name": "ephemeral18"
              },
              {
                "device_name": "xvdct",
                "ebs": {},
                "no_device": "",
                "virtual_name": "ephemeral19"
              },
              {
                "device_name": "xvdcu",
                "ebs": {},
                "no_device": "",
                "virtual_name": "ephemeral20"
              },
              {
                "device_name": "xvdcv",
                "ebs": {},
                "no_device": "",
                "virtual_name": "ephemeral21"
              },
              {
                "device_name": "xvdcw",
                "ebs": {},
                "no_device": "",
                "virtual_name": "ephemeral22"
              },
              {
                "device_name": "xvdcx",
                "ebs": {},
                "no_device": "",
                "virtual_name": "ephemeral23"
              },
              {
                "device_name": "xvdcy",
                "ebs": {},
                "no_device": "",
                "virtual_name": "ephemeral24"
              },
              {
                "device_name": "xvdcz",
                "ebs": {},
                "no_device": "",
                "virtual_name": "ephemeral25"
              }
            ],
            "creation_date": "2021-04-15T19:30:23.000Z",
            "description": "Microsoft Windows Server 2019 Core optimized for EKS and provided by Amazon",
            "executable_users": null,
            "filter": [
              {
                "name": "name",
                "values": [
                  "Windows_Server-2019-English-Core-EKS_Optimized-1.19-*"
                ]
              },
              {
                "name": "platform",
                "values": [
                  "windows"
                ]
              }
            ],
            "hypervisor": "xen",
            "id": "ami-072a0b1d7c6f09c13",
            "image_id": "ami-072a0b1d7c6f09c13",
            "image_location": "amazon/Windows_Server-2019-English-Core-EKS_Optimized-1.19-2021.04.14",
            "image_owner_alias": "amazon",
            "image_type": "machine",
            "kernel_id": null,
            "most_recent": true,
            "name": "Windows_Server-2019-English-Core-EKS_Optimized-1.19-2021.04.14",
            "name_regex": null,
            "owner_id": "801119661308",
            "owners": [
              "amazon"
            ],
            "platform": "windows",
            "product_codes": [],
            "public": true,
            "ramdisk_id": null,
            "root_device_name": "/dev/sda1",
            "root_device_type": "ebs",
            "root_snapshot_id": "snap-0da3fa180982c182e",
            "sriov_net_support": "simple",
            "state": "available",
            "state_reason": {
              "code": "UNSET",
              "message": "UNSET"
            },
            "tags": {},
            "virtualization_type": "hvm"
          },
          "sensitive_attributes": []
        }
      ]
    },
    {
      "module": "module.eks",
      "mode": "data",
      "type": "aws_caller_identity",
      "name": "current",
      "provider": "provider[\"registry.terraform.io/hashicorp/aws\"]",
      "instances": [
        {
          "schema_version": 0,
          "attributes": {
            "account_id": "936777008077",
            "arn": "arn:aws:iam::936777008077:user/kilhan-tam",
            "id": "936777008077",
            "user_id": "AIDA5UHCCYPGVBTM6N2DE"
          },
          "sensitive_attributes": []
        }
      ]
    },
    {
      "module": "module.eks",
      "mode": "data",
      "type": "aws_iam_policy_document",
      "name": "cluster_assume_role_policy",
      "provider": "provider[\"registry.terraform.io/hashicorp/aws\"]",
      "instances": [
        {
          "schema_version": 0,
          "attributes": {
            "id": "2764486067",
            "json": "{\n  \"Version\": \"2012-10-17\",\n  \"Statement\": [\n    {\n      \"Sid\": \"EKSClusterAssumeRole\",\n      \"Effect\": \"Allow\",\n      \"Action\": \"sts:AssumeRole\",\n      \"Principal\": {\n        \"Service\": \"eks.amazonaws.com\"\n      }\n    }\n  ]\n}",
            "override_json": null,
            "override_policy_documents": null,
            "policy_id": null,
            "source_json": null,
            "source_policy_documents": null,
            "statement": [
              {
                "actions": [
                  "sts:AssumeRole"
                ],
                "condition": [],
                "effect": "Allow",
                "not_actions": [],
                "not_principals": [],
                "not_resources": [],
                "principals": [
                  {
                    "identifiers": [
                      "eks.amazonaws.com"
                    ],
                    "type": "Service"
                  }
                ],
                "resources": [],
                "sid": "EKSClusterAssumeRole"
              }
            ],
            "version": "2012-10-17"
          },
          "sensitive_attributes": []
        }
      ]
    },
    {
      "module": "module.eks",
      "mode": "data",
      "type": "aws_iam_policy_document",
      "name": "workers_assume_role_policy",
      "provider": "provider[\"registry.terraform.io/hashicorp/aws\"]",
      "instances": [
        {
          "schema_version": 0,
          "attributes": {
            "id": "3778018924",
            "json": "{\n  \"Version\": \"2012-10-17\",\n  \"Statement\": [\n    {\n      \"Sid\": \"EKSWorkerAssumeRole\",\n      \"Effect\": \"Allow\",\n      \"Action\": \"sts:AssumeRole\",\n      \"Principal\": {\n        \"Service\": \"ec2.amazonaws.com\"\n      }\n    }\n  ]\n}",
            "override_json": null,
            "override_policy_documents": null,
            "policy_id": null,
            "source_json": null,
            "source_policy_documents": null,
            "statement": [
              {
                "actions": [
                  "sts:AssumeRole"
                ],
                "condition": [],
                "effect": "Allow",
                "not_actions": [],
                "not_principals": [],
                "not_resources": [],
                "principals": [
                  {
                    "identifiers": [
                      "ec2.amazonaws.com"
                    ],
                    "type": "Service"
                  }
                ],
                "resources": [],
                "sid": "EKSWorkerAssumeRole"
              }
            ],
            "version": "2012-10-17"
          },
          "sensitive_attributes": []
        }
      ]
    },
    {
      "module": "module.eks",
      "mode": "data",
      "type": "aws_iam_role",
      "name": "custom_cluster_iam_role",
      "provider": "provider[\"registry.terraform.io/hashicorp/aws\"]",
      "instances": [
        {
          "index_key": 0,
          "schema_version": 0,
          "attributes": {
            "arn": "arn:aws:iam::936777008077:role/jjouhiu-eks-cluster-2021-2",
            "assume_role_policy": "{\"Version\":\"2012-10-17\",\"Statement\":[{\"Effect\":\"Allow\",\"Principal\":{\"Service\":\"eks.amazonaws.com\"},\"Action\":\"sts:AssumeRole\"}]}",
            "create_date": "2021-04-27T07:59:23Z",
            "description": "Allows access to other AWS service resources that are required to operate clusters managed by EKS.",
            "id": "jjouhiu-eks-cluster-2021-2",
            "max_session_duration": 3600,
            "name": "jjouhiu-eks-cluster-2021-2",
            "path": "/",
            "permissions_boundary": "",
            "tags": {
              "Name": "jjouhiu-eks-cluster-202-2"
            },
            "unique_id": "AROA5UHCCYPGXDJH5OJNR"
          },
          "sensitive_attributes": []
        }
      ]
    },
    {
      "module": "module.eks",
      "mode": "data",
      "type": "aws_partition",
      "name": "current",
      "provider": "provider[\"registry.terraform.io/hashicorp/aws\"]",
      "instances": [
        {
          "schema_version": 0,
          "attributes": {
            "dns_suffix": "amazonaws.com",
            "id": "aws",
            "partition": "aws",
            "reverse_dns_prefix": "com.amazonaws"
          },
          "sensitive_attributes": []
        }
      ]
    },
    {
      "module": "module.eks",
      "mode": "managed",
      "type": "aws_cloudwatch_log_group",
      "name": "this",
      "provider": "provider[\"registry.terraform.io/hashicorp/aws\"]",
      "instances": [
        {
          "index_key": 0,
          "schema_version": 0,
          "attributes": {
            "arn": "arn:aws:logs:us-east-1:936777008077:log-group:/aws/eks/seoul-eks-cluster2/cluster",
            "id": "/aws/eks/seoul-eks-cluster2/cluster",
            "kms_key_id": "",
            "name": "/aws/eks/seoul-eks-cluster2/cluster",
            "name_prefix": null,
            "retention_in_days": 90,
            "tags": null
          },
          "sensitive_attributes": [],
          "private": "bnVsbA==",
          "create_before_destroy": true
        }
      ]
    },
    {
      "module": "module.eks",
      "mode": "managed",
      "type": "aws_eks_cluster",
      "name": "this",
      "provider": "provider[\"registry.terraform.io/hashicorp/aws\"]",
      "instances": [
        {
          "index_key": 0,
          "schema_version": 0,
          "attributes": {
            "arn": "arn:aws:eks:us-east-1:936777008077:cluster/seoul-eks-cluster2",
            "certificate_authority": [
              {
                "data": "LS0tLS1CRUdJTiBDRVJUSUZJQ0FURS0tLS0tCk1JSUM1ekNDQWMrZ0F3SUJBZ0lCQURBTkJna3Foa2lHOXcwQkFRc0ZBREFWTVJNd0VRWURWUVFERXdwcmRXSmwKY201bGRHVnpNQjRYRFRJeE1EUXlPVEEyTlRNME5sb1hEVE14TURReU56QTJOVE0wTmxvd0ZURVRNQkVHQTFVRQpBeE1LYTNWaVpYSnVaWFJsY3pDQ0FTSXdEUVlKS29aSWh2Y05BUUVCQlFBRGdnRVBBRENDQVFvQ2dnRUJBTjlrCmtld1hjbitLekwrS05MdGQ3RFlzVDh5K3lSRTdqQzg2VFZhL3FXcCtqUW5vWHZ5a2k0OEx5UFRkRktscnFSSWcKSC9YOE0zR2c4MzVLTWpaQk1zd2dtRGNFaEx4NzJPbFVIeU9wQWtPdGMxT1BVZzFUS1VZTVcrQVcxd3RjeXo4OQpqTmlOL3QrOGxNNFpqdGdVbWNMcUJWMUxZcWltdmhzUDRsL2dEd3RtaUNHOVp3VXYyamtqOWV4dHlabld4cysyCjBRdUF0UW5idGdsTFozQlprZXRTODd6K25rOWFDNUVyaVVMUkN0OHQwRXBMWXFrZGxOMy9YVDdMRlBRWFpoTUQKOU1henRWdjZSenk3eE11MHNKNW5pUUhkeXpXNnNTYzhTTStTQkt0d0NrcXhvSDVCY3ljWCtyOFZKY0Q5QW1kTQp4WWlTNzYzMGZ0eXg5UjFucDlrQ0F3RUFBYU5DTUVBd0RnWURWUjBQQVFIL0JBUURBZ0trTUE4R0ExVWRFd0VCCi93UUZNQU1CQWY4d0hRWURWUjBPQkJZRUZDb0F1YXRTR0Y5SHdBOXNEbUxTVFZOdGpMNDdNQTBHQ1NxR1NJYjMKRFFFQkN3VUFBNElCQVFBakdhbjVWVjZtZUtsYlVhQ2taN255Rko4dXc2a2d3NjJZeExIOUsxdklOcTVFeVRrNgphdGt6cFZoSHcyKzJLQ0I5ak1WbVY0TjdFeFE1V09kbHVJamdSaTNZeUNkVFdqWUxiT3ZKSFRVZDBsQVZQdlFHCmxzSVREUWUxMEQ5K3kyZnBxaWdaR0lVekFVU2sxVE9HckxvOEw3bXd5OW9PcXU3dUNiTEEwN0drU2p5dnhkSDEKQUFqUngydmxpNTlEWmdrbkZPWHVlQmt5eENCSDd0bkRQSHlDbTRhNERjYjAzSCtsNXl4YVhQMiszazJ2M1BEagpaVWtoeW5YL1RQdjRqTmM0TC9YaEpzK1hGbTNTalp1UElPN2JjYTMwYWtVeldQc0JibnRXOGtoMXJoZHpjWXVLCklQNnZMcDIzbDJyaENIRWxTRm9KVkkzRndHVUt3MFEvTEJRaAotLS0tLUVORCBDRVJUSUZJQ0FURS0tLS0tCg=="
              }
            ],
            "created_at": "2021-04-29 06:47:57.973 +0000 UTC",
            "enabled_cluster_log_types": [
              "api",
              "audit",
              "authenticator",
              "controllerManager",
              "scheduler"
            ],
            "encryption_config": [],
            "endpoint": "https://AE4CFF64A100B667670C05F4EC758160.gr7.us-east-1.eks.amazonaws.com",
            "id": "seoul-eks-cluster2",
            "identity": [
              {
                "oidc": [
                  {
                    "issuer": "https://oidc.eks.us-east-1.amazonaws.com/id/AE4CFF64A100B667670C05F4EC758160"
                  }
                ]
              }
            ],
            "kubernetes_network_config": [
              {
                "service_ipv4_cidr": "172.20.0.0/16"
              }
            ],
            "name": "seoul-eks-cluster2",
            "platform_version": "eks.4",
            "role_arn": "arn:aws:iam::936777008077:role/jjouhiu-eks-cluster-2021-2",
            "status": "ACTIVE",
            "tags": null,
            "timeouts": {
              "create": "30m",
              "delete": "15m",
              "update": null
            },
            "version": "1.19",
            "vpc_config": [
              {
                "cluster_security_group_id": "sg-041070d4805d1755d",
                "endpoint_private_access": false,
                "endpoint_public_access": true,
                "public_access_cidrs": [
                  "0.0.0.0/0"
                ],
                "security_group_ids": [
                  "sg-0cc8bf6b2b77999f1"
                ],
                "subnet_ids": [
                  "subnet-07dfd2f27f167a40c",
                  "subnet-0e0aceff2165ba565"
                ],
                "vpc_id": "vpc-04c5c8034d32b525a"
              }
            ]
          },
          "sensitive_attributes": [],
          "private": "eyJlMmJmYjczMC1lY2FhLTExZTYtOGY4OC0zNDM2M2JjN2M0YzAiOnsiY3JlYXRlIjoxODAwMDAwMDAwMDAwLCJkZWxldGUiOjkwMDAwMDAwMDAwMCwidXBkYXRlIjozNjAwMDAwMDAwMDAwfX0=",
          "dependencies": [
            "data.aws_subnet.milk_public_subnet1",
            "data.aws_subnet.milk_public_subnet2",
            "data.aws_vpc.eks_vpc",
            "module.eks.aws_cloudwatch_log_group.this",
            "module.eks.aws_iam_role.cluster",
            "module.eks.aws_iam_role_policy_attachment.cluster_AmazonEKSClusterPolicy",
            "module.eks.aws_iam_role_policy_attachment.cluster_AmazonEKSServicePolicy",
            "module.eks.aws_iam_role_policy_attachment.cluster_AmazonEKSVPCResourceControllerPolicy",
            "module.eks.aws_security_group.cluster",
            "module.eks.aws_security_group.workers",
            "module.eks.aws_security_group_rule.cluster_egress_internet",
            "module.eks.aws_security_group_rule.cluster_https_worker_ingress",
            "module.eks.data.aws_iam_role.custom_cluster_iam_role"
          ],
          "create_before_destroy": true
        }
      ]
    },
    {
      "module": "module.eks",
      "mode": "managed",
      "type": "aws_iam_role",
      "name": "workers",
      "provider": "provider[\"registry.terraform.io/hashicorp/aws\"]",
      "instances": [
        {
          "index_key": 0,
          "schema_version": 0,
          "attributes": {
            "arn": "arn:aws:iam::936777008077:role/seoul-eks-cluster220210429065632069500000003",
            "assume_role_policy": "{\"Version\":\"2012-10-17\",\"Statement\":[{\"Sid\":\"EKSWorkerAssumeRole\",\"Effect\":\"Allow\",\"Principal\":{\"Service\":\"ec2.amazonaws.com\"},\"Action\":\"sts:AssumeRole\"}]}",
            "create_date": "2021-04-29T06:56:32Z",
            "description": "",
            "force_detach_policies": true,
            "id": "seoul-eks-cluster220210429065632069500000003",
            "max_session_duration": 3600,
            "name": "seoul-eks-cluster220210429065632069500000003",
            "name_prefix": "seoul-eks-cluster2",
            "path": "/",
            "permissions_boundary": null,
            "tags": null,
            "unique_id": "AROA5UHCCYPGQR7FXT4XP"
          },
          "sensitive_attributes": [],
          "private": "bnVsbA==",
          "dependencies": [
            "data.aws_subnet.milk_public_subnet1",
            "data.aws_subnet.milk_public_subnet2",
            "data.aws_vpc.eks_vpc",
            "module.eks.aws_cloudwatch_log_group.this",
            "module.eks.aws_eks_cluster.this",
            "module.eks.aws_iam_role.cluster",
            "module.eks.aws_iam_role_policy_attachment.cluster_AmazonEKSClusterPolicy",
            "module.eks.aws_iam_role_policy_attachment.cluster_AmazonEKSServicePolicy",
            "module.eks.aws_iam_role_policy_attachment.cluster_AmazonEKSVPCResourceControllerPolicy",
            "module.eks.aws_security_group.cluster",
            "module.eks.aws_security_group.workers",
            "module.eks.aws_security_group_rule.cluster_egress_internet",
            "module.eks.aws_security_group_rule.cluster_https_worker_ingress",
            "module.eks.data.aws_iam_policy_document.workers_assume_role_policy",
            "module.eks.data.aws_iam_role.custom_cluster_iam_role"
          ],
          "create_before_destroy": true
        }
      ]
    },
    {
      "module": "module.eks",
      "mode": "managed",
      "type": "aws_iam_role_policy_attachment",
      "name": "workers_AmazonEC2ContainerRegistryReadOnly",
      "provider": "provider[\"registry.terraform.io/hashicorp/aws\"]",
      "instances": [
        {
          "index_key": 0,
          "schema_version": 0,
          "attributes": {
            "id": "seoul-eks-cluster220210429065632069500000003-20210429065635091300000004",
            "policy_arn": "arn:aws:iam::aws:policy/AmazonEC2ContainerRegistryReadOnly",
            "role": "seoul-eks-cluster220210429065632069500000003"
          },
          "sensitive_attributes": [],
          "private": "bnVsbA==",
          "dependencies": [
            "data.aws_subnet.milk_public_subnet1",
            "data.aws_subnet.milk_public_subnet2",
            "data.aws_vpc.eks_vpc",
            "module.eks.aws_cloudwatch_log_group.this",
            "module.eks.aws_eks_cluster.this",
            "module.eks.aws_iam_role.cluster",
            "module.eks.aws_iam_role.workers",
            "module.eks.aws_iam_role_policy_attachment.cluster_AmazonEKSClusterPolicy",
            "module.eks.aws_iam_role_policy_attachment.cluster_AmazonEKSServicePolicy",
            "module.eks.aws_iam_role_policy_attachment.cluster_AmazonEKSVPCResourceControllerPolicy",
            "module.eks.aws_security_group.cluster",
            "module.eks.aws_security_group.workers",
            "module.eks.aws_security_group_rule.cluster_egress_internet",
            "module.eks.aws_security_group_rule.cluster_https_worker_ingress",
            "module.eks.data.aws_iam_policy_document.workers_assume_role_policy",
            "module.eks.data.aws_iam_role.custom_cluster_iam_role",
            "module.eks.data.aws_partition.current"
          ],
          "create_before_destroy": true
        }
      ]
    },
    {
      "module": "module.eks",
      "mode": "managed",
      "type": "aws_iam_role_policy_attachment",
      "name": "workers_AmazonEKSWorkerNodePolicy",
      "provider": "provider[\"registry.terraform.io/hashicorp/aws\"]",
      "instances": [
        {
          "index_key": 0,
          "schema_version": 0,
          "attributes": {
            "id": "seoul-eks-cluster220210429065632069500000003-20210429065635091300000005",
            "policy_arn": "arn:aws:iam::aws:policy/AmazonEKSWorkerNodePolicy",
            "role": "seoul-eks-cluster220210429065632069500000003"
          },
          "sensitive_attributes": [],
          "private": "bnVsbA==",
          "dependencies": [
            "data.aws_subnet.milk_public_subnet1",
            "data.aws_subnet.milk_public_subnet2",
            "data.aws_vpc.eks_vpc",
            "module.eks.aws_cloudwatch_log_group.this",
            "module.eks.aws_eks_cluster.this",
            "module.eks.aws_iam_role.cluster",
            "module.eks.aws_iam_role.workers",
            "module.eks.aws_iam_role_policy_attachment.cluster_AmazonEKSClusterPolicy",
            "module.eks.aws_iam_role_policy_attachment.cluster_AmazonEKSServicePolicy",
            "module.eks.aws_iam_role_policy_attachment.cluster_AmazonEKSVPCResourceControllerPolicy",
            "module.eks.aws_security_group.cluster",
            "module.eks.aws_security_group.workers",
            "module.eks.aws_security_group_rule.cluster_egress_internet",
            "module.eks.aws_security_group_rule.cluster_https_worker_ingress",
            "module.eks.data.aws_iam_policy_document.workers_assume_role_policy",
            "module.eks.data.aws_iam_role.custom_cluster_iam_role",
            "module.eks.data.aws_partition.current"
          ],
          "create_before_destroy": true
        }
      ]
    },
    {
      "module": "module.eks",
      "mode": "managed",
      "type": "aws_iam_role_policy_attachment",
      "name": "workers_AmazonEKS_CNI_Policy",
      "provider": "provider[\"registry.terraform.io/hashicorp/aws\"]",
      "instances": [
        {
          "index_key": 0,
          "schema_version": 0,
          "attributes": {
            "id": "seoul-eks-cluster220210429065632069500000003-20210429065635099100000006",
            "policy_arn": "arn:aws:iam::aws:policy/AmazonEKS_CNI_Policy",
            "role": "seoul-eks-cluster220210429065632069500000003"
          },
          "sensitive_attributes": [],
          "private": "bnVsbA==",
          "dependencies": [
            "data.aws_subnet.milk_public_subnet1",
            "data.aws_subnet.milk_public_subnet2",
            "data.aws_vpc.eks_vpc",
            "module.eks.aws_cloudwatch_log_group.this",
            "module.eks.aws_eks_cluster.this",
            "module.eks.aws_iam_role.cluster",
            "module.eks.aws_iam_role.workers",
            "module.eks.aws_iam_role_policy_attachment.cluster_AmazonEKSClusterPolicy",
            "module.eks.aws_iam_role_policy_attachment.cluster_AmazonEKSServicePolicy",
            "module.eks.aws_iam_role_policy_attachment.cluster_AmazonEKSVPCResourceControllerPolicy",
            "module.eks.aws_security_group.cluster",
            "module.eks.aws_security_group.workers",
            "module.eks.aws_security_group_rule.cluster_egress_internet",
            "module.eks.aws_security_group_rule.cluster_https_worker_ingress",
            "module.eks.data.aws_iam_policy_document.workers_assume_role_policy",
            "module.eks.data.aws_iam_role.custom_cluster_iam_role",
            "module.eks.data.aws_partition.current"
          ],
          "create_before_destroy": true
        }
      ]
    },
    {
      "module": "module.eks",
      "mode": "managed",
      "type": "aws_security_group",
      "name": "cluster",
      "provider": "provider[\"registry.terraform.io/hashicorp/aws\"]",
      "instances": [
        {
          "index_key": 0,
          "schema_version": 1,
          "attributes": {
            "arn": "arn:aws:ec2:us-east-1:936777008077:security-group/sg-0cc8bf6b2b77999f1",
            "description": "EKS cluster security group.",
            "egress": [],
            "id": "sg-0cc8bf6b2b77999f1",
            "ingress": [],
            "name": "seoul-eks-cluster220210429064744491500000002",
            "name_prefix": "seoul-eks-cluster2",
            "owner_id": "936777008077",
            "revoke_rules_on_delete": false,
            "tags": {
              "Name": "seoul-eks-cluster2-eks_cluster_sg"
            },
            "timeouts": null,
            "vpc_id": "vpc-04c5c8034d32b525a"
          },
          "sensitive_attributes": [],
          "private": "eyJlMmJmYjczMC1lY2FhLTExZTYtOGY4OC0zNDM2M2JjN2M0YzAiOnsiY3JlYXRlIjo2MDAwMDAwMDAwMDAsImRlbGV0ZSI6NjAwMDAwMDAwMDAwfSwic2NoZW1hX3ZlcnNpb24iOiIxIn0=",
          "dependencies": [
            "data.aws_vpc.eks_vpc"
          ],
          "create_before_destroy": true
        }
      ]
    },
    {
      "module": "module.eks",
      "mode": "managed",
      "type": "aws_security_group",
      "name": "workers",
      "provider": "provider[\"registry.terraform.io/hashicorp/aws\"]",
      "instances": [
        {
          "index_key": 0,
          "schema_version": 1,
          "attributes": {
            "arn": "arn:aws:ec2:us-east-1:936777008077:security-group/sg-0b4c77f5528f22465",
            "description": "Security group for all nodes in the cluster.",
            "egress": [],
            "id": "sg-0b4c77f5528f22465",
            "ingress": [],
            "name": "seoul-eks-cluster220210429064744491100000001",
            "name_prefix": "seoul-eks-cluster2",
            "owner_id": "936777008077",
            "revoke_rules_on_delete": false,
            "tags": {
              "Name": "seoul-eks-cluster2-eks_worker_sg",
              "kubernetes.io/cluster/seoul-eks-cluster2": "owned"
            },
            "timeouts": null,
            "vpc_id": "vpc-04c5c8034d32b525a"
          },
          "sensitive_attributes": [],
          "private": "eyJlMmJmYjczMC1lY2FhLTExZTYtOGY4OC0zNDM2M2JjN2M0YzAiOnsiY3JlYXRlIjo2MDAwMDAwMDAwMDAsImRlbGV0ZSI6NjAwMDAwMDAwMDAwfSwic2NoZW1hX3ZlcnNpb24iOiIxIn0=",
          "dependencies": [
            "data.aws_vpc.eks_vpc"
          ],
          "create_before_destroy": true
        }
      ]
    },
    {
      "module": "module.eks",
      "mode": "managed",
      "type": "aws_security_group_rule",
      "name": "cluster_egress_internet",
      "provider": "provider[\"registry.terraform.io/hashicorp/aws\"]",
      "instances": [
        {
          "index_key": 0,
          "schema_version": 2,
          "attributes": {
            "cidr_blocks": [
              "0.0.0.0/0"
            ],
            "description": "Allow cluster egress access to the Internet.",
            "from_port": 0,
            "id": "sgrule-2221037943",
            "ipv6_cidr_blocks": null,
            "prefix_list_ids": null,
            "protocol": "-1",
            "security_group_id": "sg-0cc8bf6b2b77999f1",
            "self": false,
            "source_security_group_id": null,
            "to_port": 0,
            "type": "egress"
          },
          "sensitive_attributes": [],
          "private": "eyJzY2hlbWFfdmVyc2lvbiI6IjIifQ==",
          "dependencies": [
            "data.aws_vpc.eks_vpc",
            "module.eks.aws_security_group.cluster"
          ],
          "create_before_destroy": true
        }
      ]
    },
    {
      "module": "module.eks",
      "mode": "managed",
      "type": "aws_security_group_rule",
      "name": "cluster_https_worker_ingress",
      "provider": "provider[\"registry.terraform.io/hashicorp/aws\"]",
      "instances": [
        {
          "index_key": 0,
          "schema_version": 2,
          "attributes": {
            "cidr_blocks": null,
            "description": "Allow pods to communicate with the EKS cluster API.",
            "from_port": 443,
            "id": "sgrule-3865649578",
            "ipv6_cidr_blocks": null,
            "prefix_list_ids": null,
            "protocol": "tcp",
            "security_group_id": "sg-0cc8bf6b2b77999f1",
            "self": false,
            "source_security_group_id": "sg-0b4c77f5528f22465",
            "to_port": 443,
            "type": "ingress"
          },
          "sensitive_attributes": [],
          "private": "eyJzY2hlbWFfdmVyc2lvbiI6IjIifQ==",
          "dependencies": [
            "data.aws_vpc.eks_vpc",
            "module.eks.aws_security_group.cluster",
            "module.eks.aws_security_group.workers"
          ],
          "create_before_destroy": true
        }
      ]
    },
    {
      "module": "module.eks",
      "mode": "managed",
      "type": "aws_security_group_rule",
      "name": "workers_egress_internet",
      "provider": "provider[\"registry.terraform.io/hashicorp/aws\"]",
      "instances": [
        {
          "index_key": 0,
          "schema_version": 2,
          "attributes": {
            "cidr_blocks": [
              "0.0.0.0/0"
            ],
            "description": "Allow nodes all egress to the Internet.",
            "from_port": 0,
            "id": "sgrule-4169561021",
            "ipv6_cidr_blocks": null,
            "prefix_list_ids": null,
            "protocol": "-1",
            "security_group_id": "sg-0b4c77f5528f22465",
            "self": false,
            "source_security_group_id": null,
            "to_port": 0,
            "type": "egress"
          },
          "sensitive_attributes": [],
          "private": "eyJzY2hlbWFfdmVyc2lvbiI6IjIifQ==",
          "dependencies": [
            "data.aws_vpc.eks_vpc",
            "module.eks.aws_security_group.workers"
          ]
        }
      ]
    },
    {
      "module": "module.eks",
      "mode": "managed",
      "type": "aws_security_group_rule",
      "name": "workers_ingress_cluster",
      "provider": "provider[\"registry.terraform.io/hashicorp/aws\"]",
      "instances": [
        {
          "index_key": 0,
          "schema_version": 2,
          "attributes": {
            "cidr_blocks": null,
            "description": "Allow workers pods to receive communication from the cluster control plane.",
            "from_port": 1025,
            "id": "sgrule-761198851",
            "ipv6_cidr_blocks": null,
            "prefix_list_ids": null,
            "protocol": "tcp",
            "security_group_id": "sg-0b4c77f5528f22465",
            "self": false,
            "source_security_group_id": "sg-0cc8bf6b2b77999f1",
            "to_port": 65535,
            "type": "ingress"
          },
          "sensitive_attributes": [],
          "private": "eyJzY2hlbWFfdmVyc2lvbiI6IjIifQ==",
          "dependencies": [
            "data.aws_vpc.eks_vpc",
            "module.eks.aws_security_group.cluster",
            "module.eks.aws_security_group.workers"
          ]
        }
      ]
    },
    {
      "module": "module.eks",
      "mode": "managed",
      "type": "aws_security_group_rule",
      "name": "workers_ingress_cluster_https",
      "provider": "provider[\"registry.terraform.io/hashicorp/aws\"]",
      "instances": [
        {
          "index_key": 0,
          "schema_version": 2,
          "attributes": {
            "cidr_blocks": null,
            "description": "Allow pods running extension API servers on port 443 to receive communication from cluster control plane.",
            "from_port": 443,
            "id": "sgrule-3947897382",
            "ipv6_cidr_blocks": null,
            "prefix_list_ids": null,
            "protocol": "tcp",
            "security_group_id": "sg-0b4c77f5528f22465",
            "self": false,
            "source_security_group_id": "sg-0cc8bf6b2b77999f1",
            "to_port": 443,
            "type": "ingress"
          },
          "sensitive_attributes": [],
          "private": "eyJzY2hlbWFfdmVyc2lvbiI6IjIifQ==",
          "dependencies": [
            "data.aws_vpc.eks_vpc",
            "module.eks.aws_security_group.cluster",
            "module.eks.aws_security_group.workers"
          ]
        }
      ]
    },
    {
      "module": "module.eks",
      "mode": "managed",
      "type": "aws_security_group_rule",
      "name": "workers_ingress_self",
      "provider": "provider[\"registry.terraform.io/hashicorp/aws\"]",
      "instances": [
        {
          "index_key": 0,
          "schema_version": 2,
          "attributes": {
            "cidr_blocks": null,
            "description": "Allow node to communicate with each other.",
            "from_port": 0,
            "id": "sgrule-1067559088",
            "ipv6_cidr_blocks": null,
            "prefix_list_ids": null,
            "protocol": "-1",
            "security_group_id": "sg-0b4c77f5528f22465",
            "self": false,
            "source_security_group_id": "sg-0b4c77f5528f22465",
            "to_port": 65535,
            "type": "ingress"
          },
          "sensitive_attributes": [],
          "private": "eyJzY2hlbWFfdmVyc2lvbiI6IjIifQ==",
          "dependencies": [
            "data.aws_vpc.eks_vpc",
            "module.eks.aws_security_group.workers"
          ]
        }
      ]
    },
    {
      "module": "module.eks",
      "mode": "managed",
      "type": "kubernetes_config_map",
      "name": "aws_auth",
      "provider": "provider[\"registry.terraform.io/hashicorp/kubernetes\"]",
      "instances": [
        {
          "index_key": 0,
          "schema_version": 0,
          "attributes": {
            "binary_data": null,
            "data": {
              "mapAccounts": "[]\n",
              "mapRoles": "- \"groups\":\n  - \"system:bootstrappers\"\n  - \"system:nodes\"\n  \"rolearn\": \"arn:aws:iam::936777008077:role/seoul-eks-cluster220210429065632069500000003\"\n  \"username\": \"system:node:{{EC2PrivateDNSName}}\"\n- \"groups\":\n  - \"system:masters\"\n  \"rolearn\": \"arn:aws:iam::936777008077:role/eks_role\"\n  \"username\": \"eks_role\"\n",
              "mapUsers": "- \"groups\":\n  - \"system:masters\"\n  \"userarn\": \"arn:aws:iam::936777008077:user/kilhan.kim\"\n  \"username\": \"kilhan.kim\"\n- \"groups\":\n  - \"system:masters\"\n  \"userarn\": \"arn:aws:iam::936777008077:user/kilhan-tam\"\n  \"username\": \"kilhan-tam\"\n"
            },
            "id": "kube-system/aws-auth",
            "metadata": [
              {
                "annotations": null,
                "generate_name": "",
                "generation": 0,
                "labels": {
                  "app.kubernetes.io/managed-by": "Terraform",
                  "terraform.io/module": "terraform-aws-modules.eks.aws"
                },
                "name": "aws-auth",
                "namespace": "kube-system",
                "resource_version": "693",
                "self_link": "/api/v1/namespaces/kube-system/configmaps/aws-auth",
                "uid": "bcb6361b-baa3-4f95-9a6c-120e1c71e66e"
              }
            ]
          },
          "sensitive_attributes": [],
          "private": "bnVsbA==",
          "dependencies": [
            "data.aws_eks_cluster.cluster",
            "data.aws_eks_cluster_auth.cluster",
            "data.aws_security_group.milk_bastion_security_group",
            "data.aws_security_group.milk_default_security_group",
            "data.aws_subnet.milk_public_subnet1",
            "data.aws_subnet.milk_public_subnet2",
            "data.aws_vpc.eks_vpc",
            "module.eks.aws_cloudwatch_log_group.this",
            "module.eks.aws_eks_cluster.this",
            "module.eks.aws_iam_instance_profile.workers",
            "module.eks.aws_iam_instance_profile.workers_launch_template",
            "module.eks.aws_iam_role.cluster",
            "module.eks.aws_iam_role.workers",
            "module.eks.aws_iam_role_policy_attachment.cluster_AmazonEKSClusterPolicy",
            "module.eks.aws_iam_role_policy_attachment.cluster_AmazonEKSServicePolicy",
            "module.eks.aws_iam_role_policy_attachment.cluster_AmazonEKSVPCResourceControllerPolicy",
            "module.eks.aws_security_group.cluster",
            "module.eks.aws_security_group.workers",
            "module.eks.aws_security_group_rule.cluster_egress_internet",
            "module.eks.aws_security_group_rule.cluster_https_worker_ingress",
            "module.eks.aws_security_group_rule.cluster_private_access",
            "module.eks.data.aws_ami.eks_worker",
            "module.eks.data.aws_caller_identity.current",
            "module.eks.data.aws_iam_instance_profile.custom_worker_group_iam_instance_profile",
            "module.eks.data.aws_iam_instance_profile.custom_worker_group_launch_template_iam_instance_profile",
            "module.eks.data.aws_iam_policy_document.workers_assume_role_policy",
            "module.eks.data.aws_iam_role.custom_cluster_iam_role",
            "module.eks.data.aws_partition.current",
            "module.eks.module.fargate.aws_iam_role.eks_fargate_pod",
            "module.eks.module.fargate.data.aws_iam_role.custom_fargate_iam_role",
            "module.eks.null_resource.wait_for_cluster"
          ],
          "create_before_destroy": true
        }
      ]
    },
    {
      "module": "module.eks",
      "mode": "managed",
      "type": "local_file",
      "name": "kubeconfig",
      "provider": "provider[\"registry.terraform.io/hashicorp/local\"]",
      "instances": [
        {
          "index_key": 0,
          "schema_version": 0,
          "attributes": {
            "content": "apiVersion: v1\npreferences: {}\nkind: Config\n\nclusters:\n- cluster:\n    server: https://AE4CFF64A100B667670C05F4EC758160.gr7.us-east-1.eks.amazonaws.com\n    certificate-authority-data: LS0tLS1CRUdJTiBDRVJUSUZJQ0FURS0tLS0tCk1JSUM1ekNDQWMrZ0F3SUJBZ0lCQURBTkJna3Foa2lHOXcwQkFRc0ZBREFWTVJNd0VRWURWUVFERXdwcmRXSmwKY201bGRHVnpNQjRYRFRJeE1EUXlPVEEyTlRNME5sb1hEVE14TURReU56QTJOVE0wTmxvd0ZURVRNQkVHQTFVRQpBeE1LYTNWaVpYSnVaWFJsY3pDQ0FTSXdEUVlKS29aSWh2Y05BUUVCQlFBRGdnRVBBRENDQVFvQ2dnRUJBTjlrCmtld1hjbitLekwrS05MdGQ3RFlzVDh5K3lSRTdqQzg2VFZhL3FXcCtqUW5vWHZ5a2k0OEx5UFRkRktscnFSSWcKSC9YOE0zR2c4MzVLTWpaQk1zd2dtRGNFaEx4NzJPbFVIeU9wQWtPdGMxT1BVZzFUS1VZTVcrQVcxd3RjeXo4OQpqTmlOL3QrOGxNNFpqdGdVbWNMcUJWMUxZcWltdmhzUDRsL2dEd3RtaUNHOVp3VXYyamtqOWV4dHlabld4cysyCjBRdUF0UW5idGdsTFozQlprZXRTODd6K25rOWFDNUVyaVVMUkN0OHQwRXBMWXFrZGxOMy9YVDdMRlBRWFpoTUQKOU1henRWdjZSenk3eE11MHNKNW5pUUhkeXpXNnNTYzhTTStTQkt0d0NrcXhvSDVCY3ljWCtyOFZKY0Q5QW1kTQp4WWlTNzYzMGZ0eXg5UjFucDlrQ0F3RUFBYU5DTUVBd0RnWURWUjBQQVFIL0JBUURBZ0trTUE4R0ExVWRFd0VCCi93UUZNQU1CQWY4d0hRWURWUjBPQkJZRUZDb0F1YXRTR0Y5SHdBOXNEbUxTVFZOdGpMNDdNQTBHQ1NxR1NJYjMKRFFFQkN3VUFBNElCQVFBakdhbjVWVjZtZUtsYlVhQ2taN255Rko4dXc2a2d3NjJZeExIOUsxdklOcTVFeVRrNgphdGt6cFZoSHcyKzJLQ0I5ak1WbVY0TjdFeFE1V09kbHVJamdSaTNZeUNkVFdqWUxiT3ZKSFRVZDBsQVZQdlFHCmxzSVREUWUxMEQ5K3kyZnBxaWdaR0lVekFVU2sxVE9HckxvOEw3bXd5OW9PcXU3dUNiTEEwN0drU2p5dnhkSDEKQUFqUngydmxpNTlEWmdrbkZPWHVlQmt5eENCSDd0bkRQSHlDbTRhNERjYjAzSCtsNXl4YVhQMiszazJ2M1BEagpaVWtoeW5YL1RQdjRqTmM0TC9YaEpzK1hGbTNTalp1UElPN2JjYTMwYWtVeldQc0JibnRXOGtoMXJoZHpjWXVLCklQNnZMcDIzbDJyaENIRWxTRm9KVkkzRndHVUt3MFEvTEJRaAotLS0tLUVORCBDRVJUSUZJQ0FURS0tLS0tCg==\n  name: eks_seoul-eks-cluster2\n\ncontexts:\n- context:\n    cluster: eks_seoul-eks-cluster2\n    user: eks_seoul-eks-cluster2\n  name: eks_seoul-eks-cluster2\n\ncurrent-context: eks_seoul-eks-cluster2\n\nusers:\n- name: eks_seoul-eks-cluster2\n  user:\n    exec:\n      apiVersion: client.authentication.k8s.io/v1alpha1\n      command: aws-iam-authenticator\n      args:\n        - \"token\"\n        - \"-i\"\n        - \"seoul-eks-cluster2\"\n",
            "content_base64": null,
            "directory_permission": "0755",
            "file_permission": "0644",
            "filename": "./kubeconfig_seoul-eks-cluster2",
            "id": "91bd5bafc72b162aa41c22e031fe2c7cf9a485c9",
            "sensitive_content": null,
            "source": null
          },
          "sensitive_attributes": [],
          "private": "bnVsbA==",
          "dependencies": [
            "data.aws_subnet.milk_public_subnet1",
            "data.aws_subnet.milk_public_subnet2",
            "data.aws_vpc.eks_vpc",
            "module.eks.aws_cloudwatch_log_group.this",
            "module.eks.aws_eks_cluster.this",
            "module.eks.aws_iam_role.cluster",
            "module.eks.aws_iam_role_policy_attachment.cluster_AmazonEKSClusterPolicy",
            "module.eks.aws_iam_role_policy_attachment.cluster_AmazonEKSServicePolicy",
            "module.eks.aws_iam_role_policy_attachment.cluster_AmazonEKSVPCResourceControllerPolicy",
            "module.eks.aws_security_group.cluster",
            "module.eks.aws_security_group.workers",
            "module.eks.aws_security_group_rule.cluster_egress_internet",
            "module.eks.aws_security_group_rule.cluster_https_worker_ingress",
            "module.eks.data.aws_iam_role.custom_cluster_iam_role"
          ]
        }
      ]
    },
    {
      "module": "module.eks",
      "mode": "managed",
      "type": "null_resource",
      "name": "wait_for_cluster",
      "provider": "provider[\"registry.terraform.io/hashicorp/null\"]",
      "instances": [
        {
          "index_key": 0,
          "schema_version": 0,
          "attributes": {
            "id": "3934299432351573821",
            "triggers": null
          },
          "sensitive_attributes": [],
          "private": "bnVsbA==",
          "dependencies": [
            "data.aws_subnet.milk_public_subnet1",
            "data.aws_subnet.milk_public_subnet2",
            "data.aws_vpc.eks_vpc",
            "module.eks.aws_cloudwatch_log_group.this",
            "module.eks.aws_eks_cluster.this",
            "module.eks.aws_iam_role.cluster",
            "module.eks.aws_iam_role_policy_attachment.cluster_AmazonEKSClusterPolicy",
            "module.eks.aws_iam_role_policy_attachment.cluster_AmazonEKSServicePolicy",
            "module.eks.aws_iam_role_policy_attachment.cluster_AmazonEKSVPCResourceControllerPolicy",
            "module.eks.aws_security_group.cluster",
            "module.eks.aws_security_group.workers",
            "module.eks.aws_security_group_rule.cluster_egress_internet",
            "module.eks.aws_security_group_rule.cluster_https_worker_ingress",
            "module.eks.aws_security_group_rule.cluster_private_access",
            "module.eks.data.aws_iam_role.custom_cluster_iam_role"
          ],
          "create_before_destroy": true
        }
      ]
    },
    {
      "module": "module.eks.module.node_groups",
      "mode": "managed",
      "type": "aws_eks_node_group",
      "name": "workers",
      "provider": "provider[\"registry.terraform.io/hashicorp/aws\"]",
      "instances": [
        {
          "index_key": "eks_nodes",
          "schema_version": 0,
          "attributes": {
            "ami_type": "AL2_x86_64",
            "arn": "arn:aws:eks:us-east-1:936777008077:nodegroup/seoul-eks-cluster2/seoul-eks-cluster2-eks_nodes-exact-deer/54bc8e35-b536-ef89-0178-de5d5c19bf8c",
            "capacity_type": "ON_DEMAND",
            "cluster_name": "seoul-eks-cluster2",
            "disk_size": 20,
            "force_update_version": null,
            "id": "seoul-eks-cluster2:seoul-eks-cluster2-eks_nodes-exact-deer",
            "instance_types": [
              "m4.large"
            ],
            "labels": null,
            "launch_template": [],
            "node_group_name": "seoul-eks-cluster2-eks_nodes-exact-deer",
            "node_role_arn": "arn:aws:iam::936777008077:role/seoul-eks-cluster220210429065632069500000003",
            "release_version": "1.19.6-20210414",
            "remote_access": [
              {
                "ec2_ssh_key": "perfMaster",
                "source_security_group_ids": [
                  "sg-07173eacf097938e5",
                  "sg-0aec54974cb6df3e2"
                ]
              }
            ],
            "resources": [
              {
                "autoscaling_groups": [
                  {
                    "name": "eks-54bc8e35-b536-ef89-0178-de5d5c19bf8c"
                  }
                ],
                "remote_access_security_group_id": "sg-005d22a514e096386"
              }
            ],
            "scaling_config": [
              {
                "desired_size": 3,
                "max_size": 5,
                "min_size": 3
              }
            ],
            "status": "ACTIVE",
            "subnet_ids": [
              "subnet-07dfd2f27f167a40c",
              "subnet-0e0aceff2165ba565"
            ],
            "tags": null,
            "timeouts": null,
            "version": "1.19"
          },
          "sensitive_attributes": [],
          "private": "eyJlMmJmYjczMC1lY2FhLTExZTYtOGY4OC0zNDM2M2JjN2M0YzAiOnsiY3JlYXRlIjozNjAwMDAwMDAwMDAwLCJkZWxldGUiOjM2MDAwMDAwMDAwMDAsInVwZGF0ZSI6MzYwMDAwMDAwMDAwMH19",
          "dependencies": [
            "data.aws_eks_cluster.cluster",
            "data.aws_eks_cluster_auth.cluster",
            "data.aws_security_group.milk_bastion_security_group",
            "data.aws_security_group.milk_default_security_group",
            "data.aws_subnet.milk_public_subnet1",
            "data.aws_subnet.milk_public_subnet2",
            "data.aws_vpc.eks_vpc",
            "module.eks.aws_cloudwatch_log_group.this",
            "module.eks.aws_eks_cluster.this",
            "module.eks.aws_iam_instance_profile.workers",
            "module.eks.aws_iam_instance_profile.workers_launch_template",
            "module.eks.aws_iam_role.cluster",
            "module.eks.aws_iam_role.workers",
            "module.eks.aws_iam_role_policy_attachment.cluster_AmazonEKSClusterPolicy",
            "module.eks.aws_iam_role_policy_attachment.cluster_AmazonEKSServicePolicy",
            "module.eks.aws_iam_role_policy_attachment.cluster_AmazonEKSVPCResourceControllerPolicy",
            "module.eks.aws_iam_role_policy_attachment.workers_AmazonEC2ContainerRegistryReadOnly",
            "module.eks.aws_iam_role_policy_attachment.workers_AmazonEKSWorkerNodePolicy",
            "module.eks.aws_iam_role_policy_attachment.workers_AmazonEKS_CNI_Policy",
            "module.eks.aws_security_group.cluster",
            "module.eks.aws_security_group.workers",
            "module.eks.aws_security_group_rule.cluster_egress_internet",
            "module.eks.aws_security_group_rule.cluster_https_worker_ingress",
            "module.eks.aws_security_group_rule.cluster_private_access",
            "module.eks.data.aws_ami.eks_worker",
            "module.eks.data.aws_caller_identity.current",
            "module.eks.data.aws_iam_instance_profile.custom_worker_group_iam_instance_profile",
            "module.eks.data.aws_iam_instance_profile.custom_worker_group_launch_template_iam_instance_profile",
            "module.eks.data.aws_iam_policy_document.workers_assume_role_policy",
            "module.eks.data.aws_iam_role.custom_cluster_iam_role",
            "module.eks.data.aws_partition.current",
            "module.eks.kubernetes_config_map.aws_auth",
            "module.eks.module.fargate.aws_iam_role.eks_fargate_pod",
            "module.eks.module.fargate.data.aws_iam_role.custom_fargate_iam_role",
            "module.eks.module.node_groups.random_pet.node_groups",
            "module.eks.null_resource.wait_for_cluster"
          ],
          "create_before_destroy": true
        }
      ]
    },
    {
      "module": "module.eks.module.node_groups",
      "mode": "managed",
      "type": "random_pet",
      "name": "node_groups",
      "provider": "provider[\"registry.terraform.io/hashicorp/random\"]",
      "instances": [
        {
          "index_key": "eks_nodes",
          "schema_version": 0,
          "attributes": {
            "id": "exact-deer",
            "keepers": {
              "iam_role_arn": "arn:aws:iam::936777008077:role/seoul-eks-cluster220210429065632069500000003",
              "instance_types": "m4.large",
              "key_name": "perfMaster",
              "node_group_name": "seoul-eks-cluster2-eks_nodes",
              "source_security_group_ids": "sg-0aec54974cb6df3e2|sg-07173eacf097938e5",
              "subnet_ids": "subnet-07dfd2f27f167a40c|subnet-0e0aceff2165ba565"
            },
            "length": 2,
            "prefix": null,
            "separator": "-"
          },
          "sensitive_attributes": [],
          "private": "bnVsbA==",
          "dependencies": [
            "data.aws_eks_cluster.cluster",
            "data.aws_eks_cluster_auth.cluster",
            "data.aws_security_group.milk_bastion_security_group",
            "data.aws_security_group.milk_default_security_group",
            "data.aws_subnet.milk_public_subnet1",
            "data.aws_subnet.milk_public_subnet2",
            "data.aws_vpc.eks_vpc",
            "module.eks.aws_cloudwatch_log_group.this",
            "module.eks.aws_eks_cluster.this",
            "module.eks.aws_iam_instance_profile.workers",
            "module.eks.aws_iam_instance_profile.workers_launch_template",
            "module.eks.aws_iam_role.cluster",
            "module.eks.aws_iam_role.workers",
            "module.eks.aws_iam_role_policy_attachment.cluster_AmazonEKSClusterPolicy",
            "module.eks.aws_iam_role_policy_attachment.cluster_AmazonEKSServicePolicy",
            "module.eks.aws_iam_role_policy_attachment.cluster_AmazonEKSVPCResourceControllerPolicy",
            "module.eks.aws_iam_role_policy_attachment.workers_AmazonEC2ContainerRegistryReadOnly",
            "module.eks.aws_iam_role_policy_attachment.workers_AmazonEKSWorkerNodePolicy",
            "module.eks.aws_iam_role_policy_attachment.workers_AmazonEKS_CNI_Policy",
            "module.eks.aws_security_group.cluster",
            "module.eks.aws_security_group.workers",
            "module.eks.aws_security_group_rule.cluster_egress_internet",
            "module.eks.aws_security_group_rule.cluster_https_worker_ingress",
            "module.eks.aws_security_group_rule.cluster_private_access",
            "module.eks.data.aws_ami.eks_worker",
            "module.eks.data.aws_caller_identity.current",
            "module.eks.data.aws_iam_instance_profile.custom_worker_group_iam_instance_profile",
            "module.eks.data.aws_iam_instance_profile.custom_worker_group_launch_template_iam_instance_profile",
            "module.eks.data.aws_iam_policy_document.workers_assume_role_policy",
            "module.eks.data.aws_iam_role.custom_cluster_iam_role",
            "module.eks.data.aws_partition.current",
            "module.eks.kubernetes_config_map.aws_auth",
            "module.eks.module.fargate.aws_iam_role.eks_fargate_pod",
            "module.eks.module.fargate.data.aws_iam_role.custom_fargate_iam_role",
            "module.eks.null_resource.wait_for_cluster"
          ],
          "create_before_destroy": true
        }
      ]
    }
  ]
}
